# This file is @generated by PDM.
# It is not intended for manual editing.

[metadata]
groups = ["default"]
strategy = ["cross_platform", "inherit_metadata"]
lock_version = "4.4.1"
content_hash = "sha256:f7c996c9c9171e16369106f0a68a9abca194c1e2762746b71da2a78e0db0e09b"

[[package]]
name = "cclib"
version = "1.8.1"
requires_python = ">=3.7"
summary = "parsers and algorithms for computational chemistry"
groups = ["default"]
dependencies = [
    "numpy",
    "packaging>=19.0",
    "periodictable",
    "scipy>=1.2.0",
]
files = [
    {file = "cclib-1.8.1-py3-none-any.whl", hash = "sha256:ac86cc5f013b7173c5bc62bfae0637ac83ad34de1ed57a1c7c7fb7b3e512c92f"},
    {file = "cclib-1.8.1.tar.gz", hash = "sha256:d10aa2352479fcdaa86cc32055a8ae7f98ce26523ea928944ab2256f0875d605"},
]

[[package]]
name = "colorama"
version = "0.4.6"
requires_python = "!=3.0.*,!=3.1.*,!=3.2.*,!=3.3.*,!=3.4.*,!=3.5.*,!=3.6.*,>=2.7"
summary = "Cross-platform colored terminal text."
groups = ["default"]
marker = "platform_system == \"Windows\""
files = [
    {file = "colorama-0.4.6-py2.py3-none-any.whl", hash = "sha256:4f1d9991f5acc0ca119f9d443620b77f9d6b33703e51011c16baf57afb285fc6"},
    {file = "colorama-0.4.6.tar.gz", hash = "sha256:08695f5cb7ed6e0531a20572697297273c47b8cae5a63ffc6d6ed5c201be6e44"},
]

[[package]]
name = "contourpy"
version = "1.2.1"
requires_python = ">=3.9"
summary = "Python library for calculating contours of 2D quadrilateral grids"
groups = ["default"]
dependencies = [
    "numpy>=1.20",
]
files = [
    {file = "contourpy-1.2.1-cp312-cp312-macosx_10_9_x86_64.whl", hash = "sha256:62828cada4a2b850dbef89c81f5a33741898b305db244904de418cc957ff05dc"},
    {file = "contourpy-1.2.1-cp312-cp312-macosx_11_0_arm64.whl", hash = "sha256:309be79c0a354afff9ff7da4aaed7c3257e77edf6c1b448a779329431ee79d7e"},
    {file = "contourpy-1.2.1-cp312-cp312-manylinux_2_17_aarch64.manylinux2014_aarch64.whl", hash = "sha256:2e785e0f2ef0d567099b9ff92cbfb958d71c2d5b9259981cd9bee81bd194c9a4"},
    {file = "contourpy-1.2.1-cp312-cp312-manylinux_2_17_ppc64le.manylinux2014_ppc64le.whl", hash = "sha256:1cac0a8f71a041aa587410424ad46dfa6a11f6149ceb219ce7dd48f6b02b87a7"},
    {file = "contourpy-1.2.1-cp312-cp312-manylinux_2_17_s390x.manylinux2014_s390x.whl", hash = "sha256:af3f4485884750dddd9c25cb7e3915d83c2db92488b38ccb77dd594eac84c4a0"},
    {file = "contourpy-1.2.1-cp312-cp312-manylinux_2_17_x86_64.manylinux2014_x86_64.whl", hash = "sha256:9ce6889abac9a42afd07a562c2d6d4b2b7134f83f18571d859b25624a331c90b"},
    {file = "contourpy-1.2.1-cp312-cp312-musllinux_1_1_aarch64.whl", hash = "sha256:a1eea9aecf761c661d096d39ed9026574de8adb2ae1c5bd7b33558af884fb2ce"},
    {file = "contourpy-1.2.1-cp312-cp312-musllinux_1_1_x86_64.whl", hash = "sha256:187fa1d4c6acc06adb0fae5544c59898ad781409e61a926ac7e84b8f276dcef4"},
    {file = "contourpy-1.2.1-cp312-cp312-win32.whl", hash = "sha256:c2528d60e398c7c4c799d56f907664673a807635b857df18f7ae64d3e6ce2d9f"},
    {file = "contourpy-1.2.1-cp312-cp312-win_amd64.whl", hash = "sha256:1a07fc092a4088ee952ddae19a2b2a85757b923217b7eed584fdf25f53a6e7ce"},
    {file = "contourpy-1.2.1-pp39-pypy39_pp73-macosx_10_9_x86_64.whl", hash = "sha256:a31f94983fecbac95e58388210427d68cd30fe8a36927980fab9c20062645609"},
    {file = "contourpy-1.2.1-pp39-pypy39_pp73-manylinux_2_17_x86_64.manylinux2014_x86_64.whl", hash = "sha256:ef2b055471c0eb466033760a521efb9d8a32b99ab907fc8358481a1dd29e3bd3"},
    {file = "contourpy-1.2.1-pp39-pypy39_pp73-win_amd64.whl", hash = "sha256:b33d2bc4f69caedcd0a275329eb2198f560b325605810895627be5d4b876bf7f"},
    {file = "contourpy-1.2.1.tar.gz", hash = "sha256:4d8908b3bee1c889e547867ca4cdc54e5ab6be6d3e078556814a22457f49423c"},
]

[[package]]
name = "cycler"
version = "0.12.1"
requires_python = ">=3.8"
summary = "Composable style cycles"
groups = ["default"]
files = [
    {file = "cycler-0.12.1-py3-none-any.whl", hash = "sha256:85cef7cff222d8644161529808465972e51340599459b8ac3ccbac5a854e0d30"},
    {file = "cycler-0.12.1.tar.gz", hash = "sha256:88bb128f02ba341da8ef447245a9e138fae777f6a23943da4540077d3601eb1c"},
]

[[package]]
name = "fasteners"
version = "0.19"
requires_python = ">=3.6"
summary = "A python package that provides useful locks"
groups = ["default"]
files = [
    {file = "fasteners-0.19-py3-none-any.whl", hash = "sha256:758819cb5d94cdedf4e836988b74de396ceacb8e2794d21f82d131fd9ee77237"},
    {file = "fasteners-0.19.tar.gz", hash = "sha256:b4f37c3ac52d8a445af3a66bce57b33b5e90b97c696b7b984f530cf8f0ded09c"},
]

[[package]]
name = "fonttools"
version = "4.53.0"
requires_python = ">=3.8"
summary = "Tools to manipulate font files"
groups = ["default"]
files = [
    {file = "fonttools-4.53.0-cp312-cp312-macosx_10_9_universal2.whl", hash = "sha256:d8f191a17369bd53a5557a5ee4bab91d5330ca3aefcdf17fab9a497b0e7cff7a"},
    {file = "fonttools-4.53.0-cp312-cp312-macosx_11_0_arm64.whl", hash = "sha256:93156dd7f90ae0a1b0e8871032a07ef3178f553f0c70c386025a808f3a63b1f4"},
    {file = "fonttools-4.53.0-cp312-cp312-manylinux_2_17_aarch64.manylinux2014_aarch64.whl", hash = "sha256:bff98816cb144fb7b85e4b5ba3888a33b56ecef075b0e95b95bcd0a5fbf20f06"},
    {file = "fonttools-4.53.0-cp312-cp312-manylinux_2_5_x86_64.manylinux1_x86_64.manylinux_2_17_x86_64.manylinux2014_x86_64.whl", hash = "sha256:973d030180eca8255b1bce6ffc09ef38a05dcec0e8320cc9b7bcaa65346f341d"},
    {file = "fonttools-4.53.0-cp312-cp312-musllinux_1_2_aarch64.whl", hash = "sha256:c4ee5a24e281fbd8261c6ab29faa7fd9a87a12e8c0eed485b705236c65999109"},
    {file = "fonttools-4.53.0-cp312-cp312-musllinux_1_2_x86_64.whl", hash = "sha256:bd5bc124fae781a4422f61b98d1d7faa47985f663a64770b78f13d2c072410c2"},
    {file = "fonttools-4.53.0-cp312-cp312-win32.whl", hash = "sha256:a239afa1126b6a619130909c8404070e2b473dd2b7fc4aacacd2e763f8597fea"},
    {file = "fonttools-4.53.0-cp312-cp312-win_amd64.whl", hash = "sha256:45b4afb069039f0366a43a5d454bc54eea942bfb66b3fc3e9a2c07ef4d617380"},
    {file = "fonttools-4.53.0-py3-none-any.whl", hash = "sha256:6b4f04b1fbc01a3569d63359f2227c89ab294550de277fd09d8fca6185669fa4"},
    {file = "fonttools-4.53.0.tar.gz", hash = "sha256:c93ed66d32de1559b6fc348838c7572d5c0ac1e4a258e76763a5caddd8944002"},
]

[[package]]
name = "griddataformats"
version = "1.0.2"
requires_python = ">=3.9"
summary = "Reading and writing of data on regular grids in Python"
groups = ["default"]
dependencies = [
    "mrcfile",
    "numpy>=1.21",
    "scipy",
]
files = [
    {file = "GridDataFormats-1.0.2-py3-none-any.whl", hash = "sha256:4562bb2da9a064a8e6640e5fb853e204c8f32f6403651703f6b0ef58a009054c"},
    {file = "GridDataFormats-1.0.2.tar.gz", hash = "sha256:b93cf7f36fce33dbc428026f26dba560d5c7ba2387caca495bad920f90094502"},
]

[[package]]
name = "joblib"
version = "1.4.2"
requires_python = ">=3.8"
summary = "Lightweight pipelining with Python functions"
groups = ["default"]
files = [
    {file = "joblib-1.4.2-py3-none-any.whl", hash = "sha256:06d478d5674cbc267e7496a410ee875abd68e4340feff4490bcb7afb88060ae6"},
    {file = "joblib-1.4.2.tar.gz", hash = "sha256:2382c5816b2636fbd20a09e0f4e9dad4736765fdfb7dca582943b9c1366b3f0e"},
]

[[package]]
name = "kiwisolver"
version = "1.4.5"
requires_python = ">=3.7"
summary = "A fast implementation of the Cassowary constraint solver"
groups = ["default"]
files = [
    {file = "kiwisolver-1.4.5-cp312-cp312-macosx_10_9_universal2.whl", hash = "sha256:32d5cf40c4f7c7b3ca500f8985eb3fb3a7dfc023215e876f207956b5ea26632a"},
    {file = "kiwisolver-1.4.5-cp312-cp312-macosx_10_9_x86_64.whl", hash = "sha256:f846c260f483d1fd217fe5ed7c173fb109efa6b1fc8381c8b7552c5781756192"},
    {file = "kiwisolver-1.4.5-cp312-cp312-macosx_11_0_arm64.whl", hash = "sha256:5ff5cf3571589b6d13bfbfd6bcd7a3f659e42f96b5fd1c4830c4cf21d4f5ef45"},
    {file = "kiwisolver-1.4.5-cp312-cp312-manylinux_2_12_i686.manylinux2010_i686.manylinux_2_17_i686.manylinux2014_i686.whl", hash = "sha256:7269d9e5f1084a653d575c7ec012ff57f0c042258bf5db0954bf551c158466e7"},
    {file = "kiwisolver-1.4.5-cp312-cp312-manylinux_2_17_aarch64.manylinux2014_aarch64.whl", hash = "sha256:da802a19d6e15dffe4b0c24b38b3af68e6c1a68e6e1d8f30148c83864f3881db"},
    {file = "kiwisolver-1.4.5-cp312-cp312-manylinux_2_17_ppc64le.manylinux2014_ppc64le.whl", hash = "sha256:3aba7311af82e335dd1e36ffff68aaca609ca6290c2cb6d821a39aa075d8e3ff"},
    {file = "kiwisolver-1.4.5-cp312-cp312-manylinux_2_17_s390x.manylinux2014_s390x.whl", hash = "sha256:763773d53f07244148ccac5b084da5adb90bfaee39c197554f01b286cf869228"},
    {file = "kiwisolver-1.4.5-cp312-cp312-manylinux_2_17_x86_64.manylinux2014_x86_64.whl", hash = "sha256:2270953c0d8cdab5d422bee7d2007f043473f9d2999631c86a223c9db56cbd16"},
    {file = "kiwisolver-1.4.5-cp312-cp312-musllinux_1_1_aarch64.whl", hash = "sha256:d099e745a512f7e3bbe7249ca835f4d357c586d78d79ae8f1dcd4d8adeb9bda9"},
    {file = "kiwisolver-1.4.5-cp312-cp312-musllinux_1_1_i686.whl", hash = "sha256:74db36e14a7d1ce0986fa104f7d5637aea5c82ca6326ed0ec5694280942d1162"},
    {file = "kiwisolver-1.4.5-cp312-cp312-musllinux_1_1_ppc64le.whl", hash = "sha256:7e5bab140c309cb3a6ce373a9e71eb7e4873c70c2dda01df6820474f9889d6d4"},
    {file = "kiwisolver-1.4.5-cp312-cp312-musllinux_1_1_s390x.whl", hash = "sha256:0f114aa76dc1b8f636d077979c0ac22e7cd8f3493abbab152f20eb8d3cda71f3"},
    {file = "kiwisolver-1.4.5-cp312-cp312-musllinux_1_1_x86_64.whl", hash = "sha256:88a2df29d4724b9237fc0c6eaf2a1adae0cdc0b3e9f4d8e7dc54b16812d2d81a"},
    {file = "kiwisolver-1.4.5-cp312-cp312-win32.whl", hash = "sha256:72d40b33e834371fd330fb1472ca19d9b8327acb79a5821d4008391db8e29f20"},
    {file = "kiwisolver-1.4.5-cp312-cp312-win_amd64.whl", hash = "sha256:2c5674c4e74d939b9d91dda0fae10597ac7521768fec9e399c70a1f27e2ea2d9"},
    {file = "kiwisolver-1.4.5-pp37-pypy37_pp73-macosx_10_9_x86_64.whl", hash = "sha256:5c7b3b3a728dc6faf3fc372ef24f21d1e3cee2ac3e9596691d746e5a536de920"},
    {file = "kiwisolver-1.4.5-pp37-pypy37_pp73-manylinux_2_12_i686.manylinux2010_i686.whl", hash = "sha256:620ced262a86244e2be10a676b646f29c34537d0d9cc8eb26c08f53d98013390"},
    {file = "kiwisolver-1.4.5-pp37-pypy37_pp73-manylinux_2_12_x86_64.manylinux2010_x86_64.whl", hash = "sha256:378a214a1e3bbf5ac4a8708304318b4f890da88c9e6a07699c4ae7174c09a68d"},
    {file = "kiwisolver-1.4.5-pp37-pypy37_pp73-manylinux_2_17_aarch64.manylinux2014_aarch64.whl", hash = "sha256:aaf7be1207676ac608a50cd08f102f6742dbfc70e8d60c4db1c6897f62f71523"},
    {file = "kiwisolver-1.4.5-pp37-pypy37_pp73-win_amd64.whl", hash = "sha256:ba55dce0a9b8ff59495ddd050a0225d58bd0983d09f87cfe2b6aec4f2c1234e4"},
    {file = "kiwisolver-1.4.5-pp38-pypy38_pp73-macosx_10_9_x86_64.whl", hash = "sha256:fd32ea360bcbb92d28933fc05ed09bffcb1704ba3fc7942e81db0fd4f81a7892"},
    {file = "kiwisolver-1.4.5-pp38-pypy38_pp73-manylinux_2_12_i686.manylinux2010_i686.whl", hash = "sha256:5e7139af55d1688f8b960ee9ad5adafc4ac17c1c473fe07133ac092310d76544"},
    {file = "kiwisolver-1.4.5-pp38-pypy38_pp73-manylinux_2_12_x86_64.manylinux2010_x86_64.whl", hash = "sha256:dced8146011d2bc2e883f9bd68618b8247387f4bbec46d7392b3c3b032640126"},
    {file = "kiwisolver-1.4.5-pp38-pypy38_pp73-manylinux_2_17_aarch64.manylinux2014_aarch64.whl", hash = "sha256:c9bf3325c47b11b2e51bca0824ea217c7cd84491d8ac4eefd1e409705ef092bd"},
    {file = "kiwisolver-1.4.5-pp38-pypy38_pp73-win_amd64.whl", hash = "sha256:5794cf59533bc3f1b1c821f7206a3617999db9fbefc345360aafe2e067514929"},
    {file = "kiwisolver-1.4.5-pp39-pypy39_pp73-macosx_10_9_x86_64.whl", hash = "sha256:e368f200bbc2e4f905b8e71eb38b3c04333bddaa6a2464a6355487b02bb7fb09"},
    {file = "kiwisolver-1.4.5-pp39-pypy39_pp73-manylinux_2_12_i686.manylinux2010_i686.manylinux_2_17_i686.manylinux2014_i686.whl", hash = "sha256:e5d706eba36b4c4d5bc6c6377bb6568098765e990cfc21ee16d13963fab7b3e7"},
    {file = "kiwisolver-1.4.5-pp39-pypy39_pp73-manylinux_2_17_aarch64.manylinux2014_aarch64.whl", hash = "sha256:85267bd1aa8880a9c88a8cb71e18d3d64d2751a790e6ca6c27b8ccc724bcd5ad"},
    {file = "kiwisolver-1.4.5-pp39-pypy39_pp73-manylinux_2_17_x86_64.manylinux2014_x86_64.whl", hash = "sha256:210ef2c3a1f03272649aff1ef992df2e724748918c4bc2d5a90352849eb40bea"},
    {file = "kiwisolver-1.4.5-pp39-pypy39_pp73-win_amd64.whl", hash = "sha256:11d011a7574eb3b82bcc9c1a1d35c1d7075677fdd15de527d91b46bd35e935ee"},
    {file = "kiwisolver-1.4.5.tar.gz", hash = "sha256:e57e563a57fb22a142da34f38acc2fc1a5c864bc29ca1517a88abc963e60d6ec"},
]

[[package]]
name = "matplotlib"
version = "3.9.0"
requires_python = ">=3.9"
summary = "Python plotting package"
groups = ["default"]
dependencies = [
    "contourpy>=1.0.1",
    "cycler>=0.10",
    "fonttools>=4.22.0",
    "kiwisolver>=1.3.1",
    "numpy>=1.23",
    "packaging>=20.0",
    "pillow>=8",
    "pyparsing>=2.3.1",
    "python-dateutil>=2.7",
]
files = [
    {file = "matplotlib-3.9.0-cp312-cp312-macosx_10_12_x86_64.whl", hash = "sha256:c79f3a585f1368da6049318bdf1f85568d8d04b2e89fc24b7e02cc9b62017382"},
    {file = "matplotlib-3.9.0-cp312-cp312-macosx_11_0_arm64.whl", hash = "sha256:bdd1ecbe268eb3e7653e04f451635f0fb0f77f07fd070242b44c076c9106da84"},
    {file = "matplotlib-3.9.0-cp312-cp312-manylinux_2_17_aarch64.manylinux2014_aarch64.whl", hash = "sha256:d38e85a1a6d732f645f1403ce5e6727fd9418cd4574521d5803d3d94911038e5"},
    {file = "matplotlib-3.9.0-cp312-cp312-manylinux_2_17_x86_64.manylinux2014_x86_64.whl", hash = "sha256:0a490715b3b9984fa609116481b22178348c1a220a4499cda79132000a79b4db"},
    {file = "matplotlib-3.9.0-cp312-cp312-musllinux_1_1_x86_64.whl", hash = "sha256:8146ce83cbc5dc71c223a74a1996d446cd35cfb6a04b683e1446b7e6c73603b7"},
    {file = "matplotlib-3.9.0-cp312-cp312-win_amd64.whl", hash = "sha256:d91a4ffc587bacf5c4ce4ecfe4bcd23a4b675e76315f2866e588686cc97fccdf"},
    {file = "matplotlib-3.9.0-pp39-pypy39_pp73-macosx_10_12_x86_64.whl", hash = "sha256:bd4f2831168afac55b881db82a7730992aa41c4f007f1913465fb182d6fb20c0"},
    {file = "matplotlib-3.9.0-pp39-pypy39_pp73-macosx_11_0_arm64.whl", hash = "sha256:290d304e59be2b33ef5c2d768d0237f5bd132986bdcc66f80bc9bcc300066a03"},
    {file = "matplotlib-3.9.0-pp39-pypy39_pp73-manylinux_2_17_x86_64.manylinux2014_x86_64.whl", hash = "sha256:7ff2e239c26be4f24bfa45860c20ffccd118d270c5b5d081fa4ea409b5469fcd"},
    {file = "matplotlib-3.9.0-pp39-pypy39_pp73-win_amd64.whl", hash = "sha256:af4001b7cae70f7eaacfb063db605280058246de590fa7874f00f62259f2df7e"},
    {file = "matplotlib-3.9.0.tar.gz", hash = "sha256:e6d29ea6c19e34b30fb7d88b7081f869a03014f66fe06d62cc77d5a6ea88ed7a"},
]

[[package]]
name = "mda-xdrlib"
version = "0.2.0"
requires_python = ">=3.7"
summary = "Stand-alone XDRLIB module (from cpython 3.10.8)"
groups = ["default"]
files = [
    {file = "mda_xdrlib-0.2.0-py3-none-any.whl", hash = "sha256:0d1757b339f5db2d017a89ddaae06a82cd7a2cce26b8063df9f52b64e933fb47"},
    {file = "mda_xdrlib-0.2.0.tar.gz", hash = "sha256:f26f7158a83c32b96d15b530fce2cbc1190c4b7024e41faa4ab3e3db74e272af"},
]

[[package]]
name = "mdanalysis"
version = "2.7.0"
requires_python = ">=3.9"
summary = "An object-oriented toolkit to analyze molecular dynamics trajectories."
groups = ["default"]
dependencies = [
    "GridDataFormats>=0.4.0",
    "fasteners",
    "joblib>=0.12",
    "matplotlib>=1.5.1",
    "mda-xdrlib",
    "mmtf-python>=1.0.0",
    "numpy<2.0,>=1.22.3",
    "packaging",
    "scipy>=1.5.0",
    "threadpoolctl",
    "tqdm>=4.43.0",
]
files = [
    {file = "MDAnalysis-2.7.0-cp310-cp310-macosx_10_9_x86_64.whl", hash = "sha256:752a7e79f2195e284bd5c6c74510e7a587050aa15a5fd5d1f0b1c173238c7f9e"},
    {file = "MDAnalysis-2.7.0-cp310-cp310-macosx_11_0_arm64.whl", hash = "sha256:d9f5506b70614aa21974488c61b150dcf443c2ef50bacba0ff9c5369fdd1dec8"},
    {file = "MDAnalysis-2.7.0-cp310-cp310-manylinux_2_17_aarch64.manylinux2014_aarch64.whl", hash = "sha256:cd8d2d5318f5adaa2b4143c60f5006bb9f5ef294eea87bea5b35127cc8f30399"},
    {file = "MDAnalysis-2.7.0-cp310-cp310-manylinux_2_17_x86_64.manylinux2014_x86_64.whl", hash = "sha256:3f6924273c498c7134cfe985f2779ebf2f1d4204161c354ae8175779a20794e9"},
    {file = "MDAnalysis-2.7.0-cp310-cp310-win_amd64.whl", hash = "sha256:348372eacd74a6be0cd7e2af9a5d6f0aae6b86c16868937bd57f4636e4e6141e"},
    {file = "MDAnalysis-2.7.0-cp311-cp311-macosx_10_9_x86_64.whl", hash = "sha256:45a6ad90705ff50ddae7f0d7a2b3ddfd0185e3e8314930874b9fc3ac56853ec9"},
    {file = "MDAnalysis-2.7.0-cp311-cp311-macosx_11_0_arm64.whl", hash = "sha256:3be89d52e3442d58b65eef89626147d1e319a7912a913c7fccd78ba878418800"},
    {file = "MDAnalysis-2.7.0-cp311-cp311-manylinux_2_17_aarch64.manylinux2014_aarch64.whl", hash = "sha256:9358a88e4558febc4eca58dc69aeaf836b8eacc92556e0205c6c40497907e3ab"},
    {file = "MDAnalysis-2.7.0-cp311-cp311-manylinux_2_17_x86_64.manylinux2014_x86_64.whl", hash = "sha256:1fd4b24cfb5fc63e9ae758251af947702f1a033f9bb38e54e206453c6afd3db0"},
    {file = "MDAnalysis-2.7.0-cp311-cp311-win_amd64.whl", hash = "sha256:eea51334fb3cc45475003e992c63205f5c5ea34920154ab2cea9d44120b5904b"},
    {file = "MDAnalysis-2.7.0-cp312-cp312-macosx_10_9_x86_64.whl", hash = "sha256:486794d7e957e959f612e1f664878e0244594864c057bff0748eca6fef7d1523"},
    {file = "MDAnalysis-2.7.0-cp312-cp312-macosx_11_0_arm64.whl", hash = "sha256:aaf7c158a65e032d15ef63cc08a6790d87ec3d7ee6037eb778d1959aec6c305a"},
    {file = "MDAnalysis-2.7.0-cp312-cp312-manylinux_2_17_aarch64.manylinux2014_aarch64.whl", hash = "sha256:5613c102d2ba4ac6ff2527ba9ea1b2564fdd90f3e06e921752bbcad82c6b173e"},
    {file = "MDAnalysis-2.7.0-cp312-cp312-manylinux_2_17_x86_64.manylinux2014_x86_64.whl", hash = "sha256:cf975db416007242e5674ff44803ce8e36313c5602f401244858e26e848b9411"},
    {file = "MDAnalysis-2.7.0-cp312-cp312-win_amd64.whl", hash = "sha256:3bcc653057e8ea6f35a32e9993d840ae919842fa0756a966966d6eedc1072ee5"},
    {file = "MDAnalysis-2.7.0.tar.gz", hash = "sha256:572e82945e5d058e3749ec5f18e6b3831ef7f2119cb54672567ae9a977201e93"},
]

[[package]]
name = "mmtf-python"
version = "1.1.3"
summary = "A decoding libary for the PDB mmtf format"
groups = ["default"]
dependencies = [
    "msgpack>=1.0.0",
]
files = [
    {file = "mmtf-python-1.1.3.tar.gz", hash = "sha256:12a02fe1b7131f0a2b8ce45b46f1e0cdd28b9818fe4499554c26884987ea0c32"},
    {file = "mmtf_python-1.1.3-py2.py3-none-any.whl", hash = "sha256:502031c509a8a6d73e042781abbd88b84c1afffe65097eb0c1b70f329ffd1e6e"},
]

[[package]]
name = "mrcfile"
version = "1.5.3"
summary = "MRC file I/O library"
groups = ["default"]
dependencies = [
    "numpy>=1.16.0",
]
files = [
    {file = "mrcfile-1.5.3-py2.py3-none-any.whl", hash = "sha256:fbf2b5583afae38656343f2d6bac67d85e0e798b2fd608be63ecd2758cd67c61"},
    {file = "mrcfile-1.5.3.tar.gz", hash = "sha256:3f304c02cb9f0900b26683679c5d3d750da64b5c370b58d69af8a8ddf720c0ce"},
]

[[package]]
name = "msgpack"
version = "1.0.8"
requires_python = ">=3.8"
summary = "MessagePack serializer"
groups = ["default"]
files = [
    {file = "msgpack-1.0.8-cp310-cp310-macosx_10_9_universal2.whl", hash = "sha256:505fe3d03856ac7d215dbe005414bc28505d26f0c128906037e66d98c4e95868"},
    {file = "msgpack-1.0.8-cp310-cp310-macosx_10_9_x86_64.whl", hash = "sha256:e6b7842518a63a9f17107eb176320960ec095a8ee3b4420b5f688e24bf50c53c"},
    {file = "msgpack-1.0.8-cp310-cp310-macosx_11_0_arm64.whl", hash = "sha256:376081f471a2ef24828b83a641a02c575d6103a3ad7fd7dade5486cad10ea659"},
    {file = "msgpack-1.0.8-cp310-cp310-manylinux_2_17_aarch64.manylinux2014_aarch64.whl", hash = "sha256:5e390971d082dba073c05dbd56322427d3280b7cc8b53484c9377adfbae67dc2"},
    {file = "msgpack-1.0.8-cp310-cp310-manylinux_2_17_x86_64.manylinux2014_x86_64.whl", hash = "sha256:00e073efcba9ea99db5acef3959efa45b52bc67b61b00823d2a1a6944bf45982"},
    {file = "msgpack-1.0.8-cp310-cp310-manylinux_2_5_i686.manylinux1_i686.manylinux_2_17_i686.manylinux2014_i686.whl", hash = "sha256:82d92c773fbc6942a7a8b520d22c11cfc8fd83bba86116bfcf962c2f5c2ecdaa"},
    {file = "msgpack-1.0.8-cp310-cp310-musllinux_1_1_aarch64.whl", hash = "sha256:9ee32dcb8e531adae1f1ca568822e9b3a738369b3b686d1477cbc643c4a9c128"},
    {file = "msgpack-1.0.8-cp310-cp310-musllinux_1_1_i686.whl", hash = "sha256:e3aa7e51d738e0ec0afbed661261513b38b3014754c9459508399baf14ae0c9d"},
    {file = "msgpack-1.0.8-cp310-cp310-musllinux_1_1_x86_64.whl", hash = "sha256:69284049d07fce531c17404fcba2bb1df472bc2dcdac642ae71a2d079d950653"},
    {file = "msgpack-1.0.8-cp310-cp310-win32.whl", hash = "sha256:13577ec9e247f8741c84d06b9ece5f654920d8365a4b636ce0e44f15e07ec693"},
    {file = "msgpack-1.0.8-cp310-cp310-win_amd64.whl", hash = "sha256:e532dbd6ddfe13946de050d7474e3f5fb6ec774fbb1a188aaf469b08cf04189a"},
    {file = "msgpack-1.0.8-cp311-cp311-macosx_10_9_universal2.whl", hash = "sha256:9517004e21664f2b5a5fd6333b0731b9cf0817403a941b393d89a2f1dc2bd836"},
    {file = "msgpack-1.0.8-cp311-cp311-macosx_10_9_x86_64.whl", hash = "sha256:d16a786905034e7e34098634b184a7d81f91d4c3d246edc6bd7aefb2fd8ea6ad"},
    {file = "msgpack-1.0.8-cp311-cp311-macosx_11_0_arm64.whl", hash = "sha256:e2872993e209f7ed04d963e4b4fbae72d034844ec66bc4ca403329db2074377b"},
    {file = "msgpack-1.0.8-cp311-cp311-manylinux_2_17_aarch64.manylinux2014_aarch64.whl", hash = "sha256:5c330eace3dd100bdb54b5653b966de7f51c26ec4a7d4e87132d9b4f738220ba"},
    {file = "msgpack-1.0.8-cp311-cp311-manylinux_2_17_x86_64.manylinux2014_x86_64.whl", hash = "sha256:83b5c044f3eff2a6534768ccfd50425939e7a8b5cf9a7261c385de1e20dcfc85"},
    {file = "msgpack-1.0.8-cp311-cp311-manylinux_2_5_i686.manylinux1_i686.manylinux_2_17_i686.manylinux2014_i686.whl", hash = "sha256:1876b0b653a808fcd50123b953af170c535027bf1d053b59790eebb0aeb38950"},
    {file = "msgpack-1.0.8-cp311-cp311-musllinux_1_1_aarch64.whl", hash = "sha256:dfe1f0f0ed5785c187144c46a292b8c34c1295c01da12e10ccddfc16def4448a"},
    {file = "msgpack-1.0.8-cp311-cp311-musllinux_1_1_i686.whl", hash = "sha256:3528807cbbb7f315bb81959d5961855e7ba52aa60a3097151cb21956fbc7502b"},
    {file = "msgpack-1.0.8-cp311-cp311-musllinux_1_1_x86_64.whl", hash = "sha256:e2f879ab92ce502a1e65fce390eab619774dda6a6ff719718069ac94084098ce"},
    {file = "msgpack-1.0.8-cp311-cp311-win32.whl", hash = "sha256:26ee97a8261e6e35885c2ecd2fd4a6d38252246f94a2aec23665a4e66d066305"},
    {file = "msgpack-1.0.8-cp311-cp311-win_amd64.whl", hash = "sha256:eadb9f826c138e6cf3c49d6f8de88225a3c0ab181a9b4ba792e006e5292d150e"},
    {file = "msgpack-1.0.8-cp312-cp312-macosx_10_9_universal2.whl", hash = "sha256:114be227f5213ef8b215c22dde19532f5da9652e56e8ce969bf0a26d7c419fee"},
    {file = "msgpack-1.0.8-cp312-cp312-macosx_10_9_x86_64.whl", hash = "sha256:d661dc4785affa9d0edfdd1e59ec056a58b3dbb9f196fa43587f3ddac654ac7b"},
    {file = "msgpack-1.0.8-cp312-cp312-macosx_11_0_arm64.whl", hash = "sha256:d56fd9f1f1cdc8227d7b7918f55091349741904d9520c65f0139a9755952c9e8"},
    {file = "msgpack-1.0.8-cp312-cp312-manylinux_2_17_aarch64.manylinux2014_aarch64.whl", hash = "sha256:0726c282d188e204281ebd8de31724b7d749adebc086873a59efb8cf7ae27df3"},
    {file = "msgpack-1.0.8-cp312-cp312-manylinux_2_17_x86_64.manylinux2014_x86_64.whl", hash = "sha256:8db8e423192303ed77cff4dce3a4b88dbfaf43979d280181558af5e2c3c71afc"},
    {file = "msgpack-1.0.8-cp312-cp312-manylinux_2_5_i686.manylinux1_i686.manylinux_2_17_i686.manylinux2014_i686.whl", hash = "sha256:99881222f4a8c2f641f25703963a5cefb076adffd959e0558dc9f803a52d6a58"},
    {file = "msgpack-1.0.8-cp312-cp312-musllinux_1_1_aarch64.whl", hash = "sha256:b5505774ea2a73a86ea176e8a9a4a7c8bf5d521050f0f6f8426afe798689243f"},
    {file = "msgpack-1.0.8-cp312-cp312-musllinux_1_1_i686.whl", hash = "sha256:ef254a06bcea461e65ff0373d8a0dd1ed3aa004af48839f002a0c994a6f72d04"},
    {file = "msgpack-1.0.8-cp312-cp312-musllinux_1_1_x86_64.whl", hash = "sha256:e1dd7839443592d00e96db831eddb4111a2a81a46b028f0facd60a09ebbdd543"},
    {file = "msgpack-1.0.8-cp312-cp312-win32.whl", hash = "sha256:64d0fcd436c5683fdd7c907eeae5e2cbb5eb872fafbc03a43609d7941840995c"},
    {file = "msgpack-1.0.8-cp312-cp312-win_amd64.whl", hash = "sha256:74398a4cf19de42e1498368c36eed45d9528f5fd0155241e82c4082b7e16cffd"},
    {file = "msgpack-1.0.8.tar.gz", hash = "sha256:95c02b0e27e706e48d0e5426d1710ca78e0f0628d6e89d5b5a5b91a5f12274f3"},
]

[[package]]
name = "networkx"
version = "3.3"
requires_python = ">=3.10"
summary = "Python package for creating and manipulating graphs and networks"
groups = ["default"]
files = [
    {file = "networkx-3.3-py3-none-any.whl", hash = "sha256:28575580c6ebdaf4505b22c6256a2b9de86b316dc63ba9e93abde3d78dfdbcf2"},
    {file = "networkx-3.3.tar.gz", hash = "sha256:0c127d8b2f4865f59ae9cb8aafcd60b5c70f3241ebd66f7defad7c4ab90126c9"},
]

[[package]]
name = "networkx"
version = "3.3"
extras = ["default"]
requires_python = ">=3.10"
summary = "Python package for creating and manipulating graphs and networks"
groups = ["default"]
dependencies = [
    "matplotlib>=3.6",
    "networkx==3.3",
    "numpy>=1.23",
    "pandas>=1.4",
    "scipy!=1.11.0,!=1.11.1,>=1.9",
]
files = [
    {file = "networkx-3.3-py3-none-any.whl", hash = "sha256:28575580c6ebdaf4505b22c6256a2b9de86b316dc63ba9e93abde3d78dfdbcf2"},
    {file = "networkx-3.3.tar.gz", hash = "sha256:0c127d8b2f4865f59ae9cb8aafcd60b5c70f3241ebd66f7defad7c4ab90126c9"},
]

[[package]]
name = "numpy"
version = "1.26.4"
requires_python = ">=3.9"
summary = "Fundamental package for array computing in Python"
groups = ["default"]
files = [
    {file = "numpy-1.26.4-cp312-cp312-macosx_10_9_x86_64.whl", hash = "sha256:b3ce300f3644fb06443ee2222c2201dd3a89ea6040541412b8fa189341847218"},
    {file = "numpy-1.26.4-cp312-cp312-macosx_11_0_arm64.whl", hash = "sha256:03a8c78d01d9781b28a6989f6fa1bb2c4f2d51201cf99d3dd875df6fbd96b23b"},
    {file = "numpy-1.26.4-cp312-cp312-manylinux_2_17_aarch64.manylinux2014_aarch64.whl", hash = "sha256:9fad7dcb1aac3c7f0584a5a8133e3a43eeb2fe127f47e3632d43d677c66c102b"},
    {file = "numpy-1.26.4-cp312-cp312-manylinux_2_17_x86_64.manylinux2014_x86_64.whl", hash = "sha256:675d61ffbfa78604709862923189bad94014bef562cc35cf61d3a07bba02a7ed"},
    {file = "numpy-1.26.4-cp312-cp312-musllinux_1_1_aarch64.whl", hash = "sha256:ab47dbe5cc8210f55aa58e4805fe224dac469cde56b9f731a4c098b91917159a"},
    {file = "numpy-1.26.4-cp312-cp312-musllinux_1_1_x86_64.whl", hash = "sha256:1dda2e7b4ec9dd512f84935c5f126c8bd8b9f2fc001e9f54af255e8c5f16b0e0"},
    {file = "numpy-1.26.4-cp312-cp312-win32.whl", hash = "sha256:50193e430acfc1346175fcbdaa28ffec49947a06918b7b92130744e81e640110"},
    {file = "numpy-1.26.4-cp312-cp312-win_amd64.whl", hash = "sha256:08beddf13648eb95f8d867350f6a018a4be2e5ad54c8d8caed89ebca558b2818"},
    {file = "numpy-1.26.4-pp39-pypy39_pp73-macosx_10_9_x86_64.whl", hash = "sha256:afedb719a9dcfc7eaf2287b839d8198e06dcd4cb5d276a3df279231138e83d30"},
    {file = "numpy-1.26.4-pp39-pypy39_pp73-manylinux_2_17_x86_64.manylinux2014_x86_64.whl", hash = "sha256:95a7476c59002f2f6c590b9b7b998306fba6a5aa646b1e22ddfeaf8f78c3a29c"},
    {file = "numpy-1.26.4-pp39-pypy39_pp73-win_amd64.whl", hash = "sha256:7e50d0a0cc3189f9cb0aeb3a6a6af18c16f59f004b866cd2be1c14b36134a4a0"},
    {file = "numpy-1.26.4.tar.gz", hash = "sha256:2a02aba9ed12e4ac4eb3ea9421c420301a0c6460d9830d74a9df87efa4912010"},
]

[[package]]
name = "openbabel-wheel"
version = "3.1.1.19"
requires_python = ">=3.7"
summary = "An unofficial repository to distribute OpenBabel prebuilt wheels through Pypi.."
groups = ["default"]
files = [
    {file = "openbabel-wheel-3.1.1.19.tar.gz", hash = "sha256:3f2a04645b462faf34e3f5a3f87d3e09d97ac35390ac15ade3881ce00a4c51fd"},
    {file = "openbabel_wheel-3.1.1.19-cp312-cp312-macosx_10_9_x86_64.whl", hash = "sha256:1d72e43d934e24a59d3c17195fb1ae9dd31603fa56d7c0b86dff68696efb9182"},
    {file = "openbabel_wheel-3.1.1.19-cp312-cp312-macosx_11_0_arm64.whl", hash = "sha256:522585417376163b7d068c57f235cb8a517151f6f4a0179287fad93d981ccb33"},
    {file = "openbabel_wheel-3.1.1.19-cp312-cp312-manylinux_2_17_x86_64.manylinux2014_x86_64.whl", hash = "sha256:f3d6ba16154f9d2d374e7fe4b445fd347d180dc2995d8e6973a84aed162d12d1"},
    {file = "openbabel_wheel-3.1.1.19-cp312-cp312-win_amd64.whl", hash = "sha256:213a5c8b75ff75273c33a5107809d815b87a70cb4b8a9c68630375313e35d47c"},
]

[[package]]
name = "openmm"
version = "8.1.1"
summary = "Python wrapper for OpenMM (a C++ MD package)"
groups = ["default"]
files = [
    {file = "OpenMM-8.1.1-cp310-cp310-macosx_10_9_x86_64.whl", hash = "sha256:38bab2ae16226a22b918ae0042d91f9f84c839beb711ce02fa9d6a1d71c851bd"},
    {file = "OpenMM-8.1.1-cp310-cp310-macosx_11_0_arm64.whl", hash = "sha256:6d76bb0b00c194fdc8a8f46771096a007076ffd60f413600101bb962f2141f2b"},
    {file = "OpenMM-8.1.1-cp310-cp310-manylinux_2_17_x86_64.manylinux2014_x86_64.whl", hash = "sha256:b84422387df2069cac2ba4403bec092d6ae08be3e47b110e0b60e27a28c9935c"},
    {file = "OpenMM-8.1.1-cp310-cp310-win_amd64.whl", hash = "sha256:03d6d05e3b061e84632aadd477cae93cb9f1ebf78bfef8b5d523195fae726fff"},
    {file = "OpenMM-8.1.1-cp311-cp311-macosx_10_9_x86_64.whl", hash = "sha256:fd99105d5c8102e9272b7a458212f182b87e8bd852879e96bafa1544c27dbfd8"},
    {file = "OpenMM-8.1.1-cp311-cp311-macosx_11_0_arm64.whl", hash = "sha256:a34fb13ed41a09dbf12151d4aef81869e5c7fd15990d04e5451d515505f68155"},
    {file = "OpenMM-8.1.1-cp311-cp311-manylinux_2_17_x86_64.manylinux2014_x86_64.whl", hash = "sha256:8481c211e2579ed1e2f0bc3be0289973ddbb61ba17fad2c83b5c0bdb14efe261"},
    {file = "OpenMM-8.1.1-cp311-cp311-win_amd64.whl", hash = "sha256:6aa164ebd8a71600f7364f4a487929cf27f2bc6a1037c3bc08fbd1af3b86d385"},
    {file = "OpenMM-8.1.1-cp312-cp312-macosx_10_9_x86_64.whl", hash = "sha256:b647d6cb12fcac0fd148cf09992bb02e3133a63b97b1b91cf0cf9b4f757212c7"},
    {file = "OpenMM-8.1.1-cp312-cp312-macosx_11_0_arm64.whl", hash = "sha256:3d7320a3ee296bfd9bdf5fbd02bc2009ed6e6dc0114e02843fde95dccba2da02"},
    {file = "OpenMM-8.1.1-cp312-cp312-manylinux_2_17_x86_64.manylinux2014_x86_64.whl", hash = "sha256:0b47ec2cfd0a06af675e4630cca352944b70a69f5700faa5b98d2bf10373371d"},
    {file = "OpenMM-8.1.1-cp312-cp312-win_amd64.whl", hash = "sha256:31b037bbfe1e8e9919d8bb777c64ded0989c2c7a047d3b2c77a97d5ca86fe3c3"},
    {file = "OpenMM-8.1.1-pp39-pypy39_pp73-manylinux_2_17_x86_64.manylinux2014_x86_64.whl", hash = "sha256:e0590cc86eb757156d44a0fadc31844e8973b25f491c0495a88fe16f76153208"},
]

[[package]]
name = "packaging"
version = "24.0"
requires_python = ">=3.7"
summary = "Core utilities for Python packages"
groups = ["default"]
files = [
    {file = "packaging-24.0-py3-none-any.whl", hash = "sha256:2ddfb553fdf02fb784c234c7ba6ccc288296ceabec964ad2eae3777778130bc5"},
    {file = "packaging-24.0.tar.gz", hash = "sha256:eb82c5e3e56209074766e6885bb04b8c38a0c015d0a30036ebe7ece34c9989e9"},
]

[[package]]
name = "pandas"
version = "2.2.2"
requires_python = ">=3.9"
summary = "Powerful data structures for data analysis, time series, and statistics"
groups = ["default"]
dependencies = [
    "numpy>=1.22.4; python_version < \"3.11\"",
    "numpy>=1.23.2; python_version == \"3.11\"",
    "numpy>=1.26.0; python_version >= \"3.12\"",
    "python-dateutil>=2.8.2",
    "pytz>=2020.1",
    "tzdata>=2022.7",
]
files = [
    {file = "pandas-2.2.2-cp312-cp312-macosx_10_9_x86_64.whl", hash = "sha256:9dfde2a0ddef507a631dc9dc4af6a9489d5e2e740e226ad426a05cabfbd7c8ef"},
    {file = "pandas-2.2.2-cp312-cp312-macosx_11_0_arm64.whl", hash = "sha256:e9b79011ff7a0f4b1d6da6a61aa1aa604fb312d6647de5bad20013682d1429ce"},
    {file = "pandas-2.2.2-cp312-cp312-manylinux_2_17_aarch64.manylinux2014_aarch64.whl", hash = "sha256:1cb51fe389360f3b5a4d57dbd2848a5f033350336ca3b340d1c53a1fad33bcad"},
    {file = "pandas-2.2.2-cp312-cp312-manylinux_2_17_x86_64.manylinux2014_x86_64.whl", hash = "sha256:eee3a87076c0756de40b05c5e9a6069c035ba43e8dd71c379e68cab2c20f16ad"},
    {file = "pandas-2.2.2-cp312-cp312-musllinux_1_1_aarch64.whl", hash = "sha256:3e374f59e440d4ab45ca2fffde54b81ac3834cf5ae2cdfa69c90bc03bde04d76"},
    {file = "pandas-2.2.2-cp312-cp312-musllinux_1_1_x86_64.whl", hash = "sha256:43498c0bdb43d55cb162cdc8c06fac328ccb5d2eabe3cadeb3529ae6f0517c32"},
    {file = "pandas-2.2.2-cp312-cp312-win_amd64.whl", hash = "sha256:d187d355ecec3629624fccb01d104da7d7f391db0311145817525281e2804d23"},
    {file = "pandas-2.2.2.tar.gz", hash = "sha256:9e79019aba43cb4fda9e4d983f8e88ca0373adbb697ae9c6c43093218de28b54"},
]

[[package]]
name = "periodictable"
version = "1.7.0"
summary = "Extensible periodic table of the elements"
groups = ["default"]
dependencies = [
    "numpy",
    "pyparsing",
]
files = [
    {file = "periodictable-1.7.0.tar.gz", hash = "sha256:420e57c2b19d6a521b1c0b5e387da590a31a8456e4cc1c00bca5ce2dc5f05ea9"},
]

[[package]]
name = "pillow"
version = "10.3.0"
requires_python = ">=3.8"
summary = "Python Imaging Library (Fork)"
groups = ["default"]
files = [
    {file = "pillow-10.3.0-cp312-cp312-macosx_10_10_x86_64.whl", hash = "sha256:e46f38133e5a060d46bd630faa4d9fa0202377495df1f068a8299fd78c84de84"},
    {file = "pillow-10.3.0-cp312-cp312-macosx_11_0_arm64.whl", hash = "sha256:50b8eae8f7334ec826d6eeffaeeb00e36b5e24aa0b9df322c247539714c6df19"},
    {file = "pillow-10.3.0-cp312-cp312-manylinux_2_17_aarch64.manylinux2014_aarch64.whl", hash = "sha256:9d3bea1c75f8c53ee4d505c3e67d8c158ad4df0d83170605b50b64025917f338"},
    {file = "pillow-10.3.0-cp312-cp312-manylinux_2_17_x86_64.manylinux2014_x86_64.whl", hash = "sha256:19aeb96d43902f0a783946a0a87dbdad5c84c936025b8419da0a0cd7724356b1"},
    {file = "pillow-10.3.0-cp312-cp312-manylinux_2_28_aarch64.whl", hash = "sha256:74d28c17412d9caa1066f7a31df8403ec23d5268ba46cd0ad2c50fb82ae40462"},
    {file = "pillow-10.3.0-cp312-cp312-manylinux_2_28_x86_64.whl", hash = "sha256:ff61bfd9253c3915e6d41c651d5f962da23eda633cf02262990094a18a55371a"},
    {file = "pillow-10.3.0-cp312-cp312-musllinux_1_1_aarch64.whl", hash = "sha256:d886f5d353333b4771d21267c7ecc75b710f1a73d72d03ca06df49b09015a9ef"},
    {file = "pillow-10.3.0-cp312-cp312-musllinux_1_1_x86_64.whl", hash = "sha256:4b5ec25d8b17217d635f8935dbc1b9aa5907962fae29dff220f2659487891cd3"},
    {file = "pillow-10.3.0-cp312-cp312-win32.whl", hash = "sha256:51243f1ed5161b9945011a7360e997729776f6e5d7005ba0c6879267d4c5139d"},
    {file = "pillow-10.3.0-cp312-cp312-win_amd64.whl", hash = "sha256:412444afb8c4c7a6cc11a47dade32982439925537e483be7c0ae0cf96c4f6a0b"},
    {file = "pillow-10.3.0-cp312-cp312-win_arm64.whl", hash = "sha256:798232c92e7665fe82ac085f9d8e8ca98826f8e27859d9a96b41d519ecd2e49a"},
    {file = "pillow-10.3.0-pp310-pypy310_pp73-macosx_10_10_x86_64.whl", hash = "sha256:6b02471b72526ab8a18c39cb7967b72d194ec53c1fd0a70b050565a0f366d355"},
    {file = "pillow-10.3.0-pp310-pypy310_pp73-macosx_11_0_arm64.whl", hash = "sha256:8ab74c06ffdab957d7670c2a5a6e1a70181cd10b727cd788c4dd9005b6a8acd9"},
    {file = "pillow-10.3.0-pp310-pypy310_pp73-manylinux_2_17_aarch64.manylinux2014_aarch64.whl", hash = "sha256:048eeade4c33fdf7e08da40ef402e748df113fd0b4584e32c4af74fe78baaeb2"},
    {file = "pillow-10.3.0-pp310-pypy310_pp73-manylinux_2_17_x86_64.manylinux2014_x86_64.whl", hash = "sha256:9e2ec1e921fd07c7cda7962bad283acc2f2a9ccc1b971ee4b216b75fad6f0463"},
    {file = "pillow-10.3.0-pp310-pypy310_pp73-manylinux_2_28_aarch64.whl", hash = "sha256:4c8e73e99da7db1b4cad7f8d682cf6abad7844da39834c288fbfa394a47bbced"},
    {file = "pillow-10.3.0-pp310-pypy310_pp73-manylinux_2_28_x86_64.whl", hash = "sha256:16563993329b79513f59142a6b02055e10514c1a8e86dca8b48a893e33cf91e3"},
    {file = "pillow-10.3.0-pp310-pypy310_pp73-win_amd64.whl", hash = "sha256:dd78700f5788ae180b5ee8902c6aea5a5726bac7c364b202b4b3e3ba2d293170"},
    {file = "pillow-10.3.0-pp39-pypy39_pp73-macosx_10_10_x86_64.whl", hash = "sha256:aff76a55a8aa8364d25400a210a65ff59d0168e0b4285ba6bf2bd83cf675ba32"},
    {file = "pillow-10.3.0-pp39-pypy39_pp73-macosx_11_0_arm64.whl", hash = "sha256:b7bc2176354defba3edc2b9a777744462da2f8e921fbaf61e52acb95bafa9828"},
    {file = "pillow-10.3.0-pp39-pypy39_pp73-manylinux_2_17_aarch64.manylinux2014_aarch64.whl", hash = "sha256:793b4e24db2e8742ca6423d3fde8396db336698c55cd34b660663ee9e45ed37f"},
    {file = "pillow-10.3.0-pp39-pypy39_pp73-manylinux_2_17_x86_64.manylinux2014_x86_64.whl", hash = "sha256:d93480005693d247f8346bc8ee28c72a2191bdf1f6b5db469c096c0c867ac015"},
    {file = "pillow-10.3.0-pp39-pypy39_pp73-manylinux_2_28_aarch64.whl", hash = "sha256:c83341b89884e2b2e55886e8fbbf37c3fa5efd6c8907124aeb72f285ae5696e5"},
    {file = "pillow-10.3.0-pp39-pypy39_pp73-manylinux_2_28_x86_64.whl", hash = "sha256:1a1d1915db1a4fdb2754b9de292642a39a7fb28f1736699527bb649484fb966a"},
    {file = "pillow-10.3.0-pp39-pypy39_pp73-win_amd64.whl", hash = "sha256:a0eaa93d054751ee9964afa21c06247779b90440ca41d184aeb5d410f20ff591"},
    {file = "pillow-10.3.0.tar.gz", hash = "sha256:9d2455fbf44c914840c793e89aa82d0e1763a14253a000743719ae5946814b2d"},
]

[[package]]
name = "pyparsing"
version = "3.1.2"
requires_python = ">=3.6.8"
summary = "pyparsing module - Classes and methods to define and execute parsing grammars"
groups = ["default"]
files = [
    {file = "pyparsing-3.1.2-py3-none-any.whl", hash = "sha256:f9db75911801ed778fe61bb643079ff86601aca99fcae6345aa67292038fb742"},
    {file = "pyparsing-3.1.2.tar.gz", hash = "sha256:a1bac0ce561155ecc3ed78ca94d3c9378656ad4c94c1270de543f621420f94ad"},
]

[[package]]
name = "python-dateutil"
version = "2.9.0.post0"
requires_python = "!=3.0.*,!=3.1.*,!=3.2.*,>=2.7"
summary = "Extensions to the standard Python datetime module"
groups = ["default"]
dependencies = [
    "six>=1.5",
]
files = [
    {file = "python-dateutil-2.9.0.post0.tar.gz", hash = "sha256:37dd54208da7e1cd875388217d5e00ebd4179249f90fb72437e91a35459a0ad3"},
    {file = "python_dateutil-2.9.0.post0-py2.py3-none-any.whl", hash = "sha256:a8b2bc7bffae282281c8140a97d3aa9c14da0b136dfe83f850eea9a5f7470427"},
]

[[package]]
name = "pytz"
version = "2024.1"
summary = "World timezone definitions, modern and historical"
groups = ["default"]
files = [
    {file = "pytz-2024.1-py2.py3-none-any.whl", hash = "sha256:328171f4e3623139da4983451950b28e95ac706e13f3f2630a879749e7a8b319"},
    {file = "pytz-2024.1.tar.gz", hash = "sha256:2a29735ea9c18baf14b448846bde5a48030ed267578472d8955cd0e7443a9812"},
]

[[package]]
name = "scipy"
version = "1.13.1"
requires_python = ">=3.9"
summary = "Fundamental algorithms for scientific computing in Python"
groups = ["default"]
dependencies = [
    "numpy<2.3,>=1.22.4",
]
files = [
    {file = "scipy-1.13.1-cp312-cp312-macosx_10_9_x86_64.whl", hash = "sha256:5d72782f39716b2b3509cd7c33cdc08c96f2f4d2b06d51e52fb45a19ca0c86a1"},
    {file = "scipy-1.13.1-cp312-cp312-macosx_12_0_arm64.whl", hash = "sha256:017367484ce5498445aade74b1d5ab377acdc65e27095155e448c88497755a5d"},
    {file = "scipy-1.13.1-cp312-cp312-manylinux_2_17_aarch64.manylinux2014_aarch64.whl", hash = "sha256:949ae67db5fa78a86e8fa644b9a6b07252f449dcf74247108c50e1d20d2b4627"},
    {file = "scipy-1.13.1-cp312-cp312-manylinux_2_17_x86_64.manylinux2014_x86_64.whl", hash = "sha256:de3ade0e53bc1f21358aa74ff4830235d716211d7d077e340c7349bc3542e884"},
    {file = "scipy-1.13.1-cp312-cp312-musllinux_1_1_x86_64.whl", hash = "sha256:2ac65fb503dad64218c228e2dc2d0a0193f7904747db43014645ae139c8fad16"},
    {file = "scipy-1.13.1-cp312-cp312-win_amd64.whl", hash = "sha256:cdd7dacfb95fea358916410ec61bbc20440f7860333aee6d882bb8046264e949"},
    {file = "scipy-1.13.1.tar.gz", hash = "sha256:095a87a0312b08dfd6a6155cbbd310a8c51800fc931b8c0b84003014b874ed3c"},
]

[[package]]
name = "six"
version = "1.16.0"
requires_python = ">=2.7, !=3.0.*, !=3.1.*, !=3.2.*"
summary = "Python 2 and 3 compatibility utilities"
groups = ["default"]
files = [
    {file = "six-1.16.0-py2.py3-none-any.whl", hash = "sha256:8abb2f1d86890a2dfb989f9a77cfcfd3e47c2a354b01111771326f8aa26e0254"},
    {file = "six-1.16.0.tar.gz", hash = "sha256:1e61c37477a1626458e36f7b1d82aa5c9b094fa4802892072e49de9c60c4c926"},
]

[[package]]
name = "threadpoolctl"
version = "3.5.0"
requires_python = ">=3.8"
summary = "threadpoolctl"
groups = ["default"]
files = [
    {file = "threadpoolctl-3.5.0-py3-none-any.whl", hash = "sha256:56c1e26c150397e58c4926da8eeee87533b1e32bef131bd4bf6a2f45f3185467"},
    {file = "threadpoolctl-3.5.0.tar.gz", hash = "sha256:082433502dd922bf738de0d8bcc4fdcbf0979ff44c42bd40f5af8a282f6fa107"},
]

[[package]]
name = "tqdm"
version = "4.66.5"
requires_python = ">=3.7"
summary = "Fast, Extensible Progress Meter"
groups = ["default"]
dependencies = [
    "colorama; platform_system == \"Windows\"",
]
files = [
    {file = "tqdm-4.66.5-py3-none-any.whl", hash = "sha256:90279a3770753eafc9194a0364852159802111925aa30eb3f9d85b0e805ac7cd"},
    {file = "tqdm-4.66.5.tar.gz", hash = "sha256:e1020aef2e5096702d8a025ac7d16b1577279c9d63f8375b63083e9a5f0fcbad"},
]

[[package]]
name = "tzdata"
version = "2024.1"
requires_python = ">=2"
summary = "Provider of IANA time zone data"
groups = ["default"]
files = [
    {file = "tzdata-2024.1-py2.py3-none-any.whl", hash = "sha256:9068bc196136463f5245e51efda838afa15aaeca9903f49050dfa2679db4d252"},
    {file = "tzdata-2024.1.tar.gz", hash = "sha256:2674120f8d891909751c38abcdfd386ac0a5a1127954fbc332af6b5ceae07efd"},
]
